
Microsoft Visual Studio Solution File, Format Version 12.00
# Visual Studio Version 16
VisualStudioVersion = 16.0.29519.87
MinimumVisualStudioVersion = 10.0.40219.1
Project("{FAE04EC0-301F-11D3-BF4B-00C04F79EFBC}") = "Jordan.MiniBicks.UI", "Jordan.MiniBicks.UI\Jordan.MiniBicks.UI.csproj", "{6FEEE145-8C75-41AE-8E84-58CA9473A471}"
EndProject
Project("{FAE04EC0-301F-11D3-BF4B-00C04F79EFBC}") = "Jordan.MiniBicks.Lib", "Jordan.MiniBicks.Lib\Jordan.MiniBicks.Lib.csproj", "{B0662E3E-6A79-40E6-8851-FA4933BC57C5}"
EndProject
Project("{FAE04EC0-301F-11D3-BF4B-00C04F79EFBC}") = "Jordan.MiniBicks.Data", "Jordan.MiniBicks.Data\Jordan.MiniBicks.Data.csproj", "{18BC98AE-37EF-4D44-BE22-5485A94B7557}"
EndProject
Global
	GlobalSection(SolutionConfigurationPlatforms) = preSolution
		Debug|Any CPU = Debug|Any CPU
		Release|Any CPU = Release|Any CPU
	EndGlobalSection
	GlobalSection(ProjectConfigurationPlatforms) = postSolution
		{6FEEE145-8C75-41AE-8E84-58CA9473A471}.Debug|Any CPU.ActiveCfg = Debug|Any CPU
		{6FEEE145-8C75-41AE-8E84-58CA9473A471}.Debug|Any CPU.Build.0 = Debug|Any CPU
		{6FEEE145-8C75-41AE-8E84-58CA9473A471}.Release|Any CPU.ActiveCfg = Release|Any CPU
		{6FEEE145-8C75-41AE-8E84-58CA9473A471}.Release|Any CPU.Build.0 = Release|Any CPU
		{B0662E3E-6A79-40E6-8851-FA4933BC57C5}.Debug|Any CPU.ActiveCfg = Debug|Any CPU
		{B0662E3E-6A79-40E6-8851-FA4933BC57C5}.Debug|Any CPU.Build.0 = Debug|Any CPU
		{B0662E3E-6A79-40E6-8851-FA4933BC57C5}.Release|Any CPU.ActiveCfg = Release|Any CPU
		{B0662E3E-6A79-40E6-8851-FA4933BC57C5}.Release|Any CPU.Build.0 = Release|Any CPU
		{18BC98AE-37EF-4D44-BE22-5485A94B7557}.Debug|Any CPU.ActiveCfg = Debug|Any CPU
		{18BC98AE-37EF-4D44-BE22-5485A94B7557}.Debug|Any CPU.Build.0 = Debug|Any CPU
		{18BC98AE-37EF-4D44-BE22-5485A94B7557}.Release|Any CPU.ActiveCfg = Release|Any CPU
		{18BC98AE-37EF-4D44-BE22-5485A94B7557}.Release|Any CPU.Build.0 = Release|Any CPU
	EndGlobalSection
	GlobalSection(SolutionProperties) = preSolution
		HideSolutionNode = FALSE
	EndGlobalSection
	GlobalSection(ExtensibilityGlobals) = postSolution
		SolutionGuid = {F9EA47DF-B5D7-49FB-8ED9-4C6118C37E1A}
	EndGlobalSection
EndGlobal
